
Microsoft Visual Studio Solution File, Format Version 12.00
# Visual Studio Version 16
VisualStudioVersion = 16.0.30225.117
MinimumVisualStudioVersion = 10.0.40219.1
Project("{FAE04EC0-301F-11D3-BF4B-00C04F79EFBC}") = "MarkSpecs", "MarkSpecs.csproj", "{43BE69A8-68F2-4453-A937-E13837D82D69}"
EndProject
Global
	GlobalSection(SolutionConfigurationPlatforms) = preSolution
		Debug|Any CPU = Debug|Any CPU
		Release|Any CPU = Release|Any CPU
	EndGlobalSection
	GlobalSection(ProjectConfigurationPlatforms) = postSolution
		{43BE69A8-68F2-4453-A937-E13837D82D69}.Debug|Any CPU.ActiveCfg = Debug|Any CPU
		{43BE69A8-68F2-4453-A937-E13837D82D69}.Debug|Any CPU.Build.0 = Debug|Any CPU
		{43BE69A8-68F2-4453-A937-E13837D82D69}.Release|Any CPU.ActiveCfg = Release|Any CPU
		{43BE69A8-68F2-4453-A937-E13837D82D69}.Release|Any CPU.Build.0 = Release|Any CPU
	EndGlobalSection
	GlobalSection(SolutionProperties) = preSolution
		HideSolutionNode = FALSE
	EndGlobalSection
	GlobalSection(ExtensibilityGlobals) = postSolution
		SolutionGuid = {1C25A9AB-5322-4BA5-8B27-46597E094933}
	EndGlobalSection
EndGlobal
