
Microsoft Visual Studio Solution File, Format Version 12.00
# Visual Studio 15
VisualStudioVersion = 15.0.28307.1000
MinimumVisualStudioVersion = 10.0.40219.1
Project("{FAE04EC0-301F-11D3-BF4B-00C04F79EFBC}") = "AdvCmdParserTests", "AdvCmdParserTests\AdvCmdParserTests.csproj", "{512FEFA9-9C34-44B8-8D6C-0AB8B9337054}"
EndProject
Project("{FAE04EC0-301F-11D3-BF4B-00C04F79EFBC}") = "AdvCmdParser", "AdvCmdParser\AdvCmdParser.csproj", "{D81A1C18-6ECD-4CAE-91F5-71C4292AAEEE}"
EndProject
Global
	GlobalSection(SolutionConfigurationPlatforms) = preSolution
		Debug|Any CPU = Debug|Any CPU
		Release|Any CPU = Release|Any CPU
	EndGlobalSection
	GlobalSection(ProjectConfigurationPlatforms) = postSolution
		{512FEFA9-9C34-44B8-8D6C-0AB8B9337054}.Debug|Any CPU.ActiveCfg = Debug|Any CPU
		{512FEFA9-9C34-44B8-8D6C-0AB8B9337054}.Debug|Any CPU.Build.0 = Debug|Any CPU
		{512FEFA9-9C34-44B8-8D6C-0AB8B9337054}.Release|Any CPU.ActiveCfg = Release|Any CPU
		{512FEFA9-9C34-44B8-8D6C-0AB8B9337054}.Release|Any CPU.Build.0 = Release|Any CPU
		{D81A1C18-6ECD-4CAE-91F5-71C4292AAEEE}.Debug|Any CPU.ActiveCfg = Debug|Any CPU
		{D81A1C18-6ECD-4CAE-91F5-71C4292AAEEE}.Debug|Any CPU.Build.0 = Debug|Any CPU
		{D81A1C18-6ECD-4CAE-91F5-71C4292AAEEE}.Release|Any CPU.ActiveCfg = Release|Any CPU
		{D81A1C18-6ECD-4CAE-91F5-71C4292AAEEE}.Release|Any CPU.Build.0 = Release|Any CPU
	EndGlobalSection
	GlobalSection(SolutionProperties) = preSolution
		HideSolutionNode = FALSE
	EndGlobalSection
	GlobalSection(ExtensibilityGlobals) = postSolution
		SolutionGuid = {9DAF7071-066E-4BA3-8537-98AA66D23BD0}
	EndGlobalSection
EndGlobal
